
Microsoft Visual Studio Solution File, Format Version 12.00
# Visual Studio 15
VisualStudioVersion = 15.0.27703.2042
MinimumVisualStudioVersion = 10.0.40219.1
Project("{8BC9CEB8-8B4A-11D0-8D11-00A0C91BC942}") = "UFATECH_2_1", "UFATECH_2_1\UFATECH_2_1.vcxproj", "{5ECD2E3B-C7FE-4D7D-A3DC-6A575A36BF0D}"
EndProject
Global
	GlobalSection(SolutionConfigurationPlatforms) = preSolution
		Debug|x64 = Debug|x64
		Debug|x86 = Debug|x86
		Release|x64 = Release|x64
		Release|x86 = Release|x86
	EndGlobalSection
	GlobalSection(ProjectConfigurationPlatforms) = postSolution
		{5ECD2E3B-C7FE-4D7D-A3DC-6A575A36BF0D}.Debug|x64.ActiveCfg = Debug|x64
		{5ECD2E3B-C7FE-4D7D-A3DC-6A575A36BF0D}.Debug|x64.Build.0 = Debug|x64
		{5ECD2E3B-C7FE-4D7D-A3DC-6A575A36BF0D}.Debug|x86.ActiveCfg = Debug|Win32
		{5ECD2E3B-C7FE-4D7D-A3DC-6A575A36BF0D}.Debug|x86.Build.0 = Debug|Win32
		{5ECD2E3B-C7FE-4D7D-A3DC-6A575A36BF0D}.Release|x64.ActiveCfg = Release|x64
		{5ECD2E3B-C7FE-4D7D-A3DC-6A575A36BF0D}.Release|x64.Build.0 = Release|x64
		{5ECD2E3B-C7FE-4D7D-A3DC-6A575A36BF0D}.Release|x86.ActiveCfg = Release|Win32
		{5ECD2E3B-C7FE-4D7D-A3DC-6A575A36BF0D}.Release|x86.Build.0 = Release|Win32
	EndGlobalSection
	GlobalSection(SolutionProperties) = preSolution
		HideSolutionNode = FALSE
	EndGlobalSection
	GlobalSection(ExtensibilityGlobals) = postSolution
		SolutionGuid = {677A968D-9313-4C08-B4DE-7C38BFDE07C9}
	EndGlobalSection
EndGlobal
