
Microsoft Visual Studio Solution File, Format Version 12.00
# Visual Studio 15
VisualStudioVersion = 15.0.27703.2042
MinimumVisualStudioVersion = 10.0.40219.1
Project("{8BC9CEB8-8B4A-11D0-8D11-00A0C91BC942}") = "UFATECH_1_1", "UFATECH_1_1\UFATECH_1_1.vcxproj", "{67BB1028-DA2B-44B8-B8F0-1639A33384A7}"
EndProject
Global
	GlobalSection(SolutionConfigurationPlatforms) = preSolution
		Debug|x64 = Debug|x64
		Debug|x86 = Debug|x86
		Release|x64 = Release|x64
		Release|x86 = Release|x86
	EndGlobalSection
	GlobalSection(ProjectConfigurationPlatforms) = postSolution
		{67BB1028-DA2B-44B8-B8F0-1639A33384A7}.Debug|x64.ActiveCfg = Debug|x64
		{67BB1028-DA2B-44B8-B8F0-1639A33384A7}.Debug|x64.Build.0 = Debug|x64
		{67BB1028-DA2B-44B8-B8F0-1639A33384A7}.Debug|x86.ActiveCfg = Debug|Win32
		{67BB1028-DA2B-44B8-B8F0-1639A33384A7}.Debug|x86.Build.0 = Debug|Win32
		{67BB1028-DA2B-44B8-B8F0-1639A33384A7}.Release|x64.ActiveCfg = Release|x64
		{67BB1028-DA2B-44B8-B8F0-1639A33384A7}.Release|x64.Build.0 = Release|x64
		{67BB1028-DA2B-44B8-B8F0-1639A33384A7}.Release|x86.ActiveCfg = Release|Win32
		{67BB1028-DA2B-44B8-B8F0-1639A33384A7}.Release|x86.Build.0 = Release|Win32
	EndGlobalSection
	GlobalSection(SolutionProperties) = preSolution
		HideSolutionNode = FALSE
	EndGlobalSection
	GlobalSection(ExtensibilityGlobals) = postSolution
		SolutionGuid = {156D46F9-2501-435F-8399-1410E8158BEB}
	EndGlobalSection
EndGlobal
